
Microsoft Visual Studio Solution File, Format Version 12.00
# Visual Studio Version 16
VisualStudioVersion = 16.0.30204.135
MinimumVisualStudioVersion = 10.0.40219.1
Project("{FAE04EC0-301F-11D3-BF4B-00C04F79EFBC}") = "UserInput", "UserInput\UserInput.csproj", "{AB310FAF-45C7-4111-A434-656D03DB98F5}"
EndProject
Global
	GlobalSection(SolutionConfigurationPlatforms) = preSolution
		Debug|Any CPU = Debug|Any CPU
		Release|Any CPU = Release|Any CPU
	EndGlobalSection
	GlobalSection(ProjectConfigurationPlatforms) = postSolution
		{AB310FAF-45C7-4111-A434-656D03DB98F5}.Debug|Any CPU.ActiveCfg = Debug|Any CPU
		{AB310FAF-45C7-4111-A434-656D03DB98F5}.Debug|Any CPU.Build.0 = Debug|Any CPU
		{AB310FAF-45C7-4111-A434-656D03DB98F5}.Release|Any CPU.ActiveCfg = Release|Any CPU
		{AB310FAF-45C7-4111-A434-656D03DB98F5}.Release|Any CPU.Build.0 = Release|Any CPU
	EndGlobalSection
	GlobalSection(SolutionProperties) = preSolution
		HideSolutionNode = FALSE
	EndGlobalSection
	GlobalSection(ExtensibilityGlobals) = postSolution
		SolutionGuid = {5EB3E290-E07D-4793-BE15-DF26135A728B}
	EndGlobalSection
EndGlobal
